# This is a Gradle generated file for dependency locking.
# Manual edits can break the build and are not advised.
# This file is expected to be part of source control.
ch.qos.logback:logback-classic:1.5.18=compileClasspath,productionRuntimeClasspath,runtimeClasspath
ch.qos.logback:logback-core:1.5.18=compileClasspath,productionRuntimeClasspath,runtimeClasspath
com.fasterxml.jackson.core:jackson-annotations:2.19.0=compileClasspath,productionRuntimeClasspath,runtimeClasspath
com.fasterxml.jackson.core:jackson-core:2.19.0=compileClasspath,productionRuntimeClasspath,runtimeClasspath
com.fasterxml.jackson.core:jackson-databind:2.19.0=compileClasspath,productionRuntimeClasspath,runtimeClasspath
com.fasterxml.jackson.dataformat:jackson-dataformat-toml:2.19.0=productionRuntimeClasspath,runtimeClasspath
com.fasterxml.jackson.dataformat:jackson-dataformat-xml:2.18.2=compileClasspath,productionRuntimeClasspath,runtimeClasspath
com.fasterxml.jackson.datatype:jackson-datatype-jdk8:2.19.0=compileClasspath,productionRuntimeClasspath,runtimeClasspath
com.fasterxml.jackson.datatype:jackson-datatype-jsr310:2.19.0=compileClasspath,productionRuntimeClasspath,runtimeClasspath
com.fasterxml.jackson.module:jackson-module-jakarta-xmlbind-annotations:2.18.2=compileClasspath,productionRuntimeClasspath,runtimeClasspath
com.fasterxml.jackson.module:jackson-module-parameter-names:2.19.0=compileClasspath,productionRuntimeClasspath,runtimeClasspath
com.fasterxml.jackson:jackson-bom:2.19.0=compileClasspath,productionRuntimeClasspath,runtimeClasspath
com.fasterxml.woodstox:woodstox-core:7.1.0=compileClasspath,productionRuntimeClasspath,runtimeClasspath
com.fasterxml:classmate:1.7.0=compileClasspath,productionRuntimeClasspath,runtimeClasspath
com.github.ben-manes.caffeine:caffeine:3.2.0=annotationProcessor
com.github.kevinstern:software-and-algorithms:1.0=annotationProcessor
com.google.auto.service:auto-service-annotations:1.0.1=annotationProcessor
com.google.auto.value:auto-value-annotations:1.9=annotationProcessor
com.google.auto:auto-common:1.2.2=annotationProcessor
com.google.code.findbugs:jsr305:3.0.2=annotationProcessor,compileClasspath
com.google.errorprone:error_prone_annotation:2.41.0=annotationProcessor
com.google.errorprone:error_prone_annotations:2.41.0=annotationProcessor
com.google.errorprone:error_prone_check_api:2.41.0=annotationProcessor
com.google.errorprone:error_prone_core:2.41.0=annotationProcessor
com.google.googlejavaformat:google-java-format:1.27.0=annotationProcessor
com.google.guava:failureaccess:1.0.2=annotationProcessor
com.google.guava:guava:33.4.0-jre=annotationProcessor
com.google.guava:listenablefuture:9999.0-empty-to-avoid-conflict-with-guava=annotationProcessor
com.google.j2objc:j2objc-annotations:3.0.0=annotationProcessor
com.google.protobuf:protobuf-java:3.25.5=annotationProcessor
com.sun.istack:istack-commons-runtime:4.1.2=productionRuntimeClasspath,runtimeClasspath
com.uber.nullaway:nullaway:0.12.9=annotationProcessor
com.zaxxer:HikariCP:6.3.0=compileClasspath,productionRuntimeClasspath,runtimeClasspath
io.github.eisop:dataflow-errorprone:3.41.0-eisop1=annotationProcessor
io.github.java-diff-utils:java-diff-utils:4.12=annotationProcessor
io.micrometer:micrometer-commons:1.15.0=compileClasspath,productionRuntimeClasspath,runtimeClasspath
io.micrometer:micrometer-core:1.15.0=compileClasspath,productionRuntimeClasspath,runtimeClasspath
io.micrometer:micrometer-jakarta9:1.15.0=compileClasspath,productionRuntimeClasspath,runtimeClasspath
io.micrometer:micrometer-observation:1.15.0=compileClasspath,productionRuntimeClasspath,runtimeClasspath
io.smallrye:jandex:3.2.0=productionRuntimeClasspath,runtimeClasspath
jakarta.activation:jakarta.activation-api:2.1.3=compileClasspath,productionRuntimeClasspath,runtimeClasspath
jakarta.annotation:jakarta.annotation-api:2.1.1=compileClasspath,productionRuntimeClasspath,runtimeClasspath
jakarta.inject:jakarta.inject-api:2.0.1=productionRuntimeClasspath,runtimeClasspath
jakarta.persistence:jakarta.persistence-api:3.1.0=compileClasspath,productionRuntimeClasspath,runtimeClasspath
jakarta.transaction:jakarta.transaction-api:2.0.1=compileClasspath,productionRuntimeClasspath,runtimeClasspath
jakarta.validation:jakarta.validation-api:3.0.2=compileClasspath,productionRuntimeClasspath,runtimeClasspath
jakarta.xml.bind:jakarta.xml.bind-api:4.0.2=compileClasspath,productionRuntimeClasspath,runtimeClasspath
javax.inject:javax.inject:1=annotationProcessor
net.bytebuddy:byte-buddy:1.17.5=productionRuntimeClasspath,runtimeClasspath
org.antlr:antlr4-runtime:4.13.0=compileClasspath,productionRuntimeClasspath,runtimeClasspath
org.apache.logging.log4j:log4j-api:2.24.3=compileClasspath,productionRuntimeClasspath,runtimeClasspath
org.apache.logging.log4j:log4j-to-slf4j:2.24.3=compileClasspath,productionRuntimeClasspath,runtimeClasspath
org.apache.tomcat.embed:tomcat-embed-core:10.1.41=compileClasspath,productionRuntimeClasspath,runtimeClasspath
org.apache.tomcat.embed:tomcat-embed-el:10.1.41=compileClasspath,productionRuntimeClasspath,runtimeClasspath
org.apache.tomcat.embed:tomcat-embed-websocket:10.1.41=compileClasspath,productionRuntimeClasspath,runtimeClasspath
org.aspectj:aspectjweaver:1.9.24=compileClasspath,productionRuntimeClasspath,runtimeClasspath
org.checkerframework:checker-qual:3.49.2=annotationProcessor
org.checkerframework:checker-qual:3.49.5=productionRuntimeClasspath,runtimeClasspath
org.checkerframework:dataflow-nullaway:3.49.2=annotationProcessor
org.codehaus.woodstox:stax2-api:4.2.2=compileClasspath,productionRuntimeClasspath,runtimeClasspath
org.eclipse.angus:angus-activation:2.0.2=productionRuntimeClasspath,runtimeClasspath
org.flywaydb:flyway-core:11.8.0=productionRuntimeClasspath,runtimeClasspath
org.flywaydb:flyway-database-postgresql:11.8.0=productionRuntimeClasspath,runtimeClasspath
org.glassfish.jaxb:jaxb-core:4.0.5=productionRuntimeClasspath,runtimeClasspath
org.glassfish.jaxb:jaxb-runtime:4.0.5=productionRuntimeClasspath,runtimeClasspath
org.glassfish.jaxb:txw2:4.0.5=productionRuntimeClasspath,runtimeClasspath
org.hdrhistogram:HdrHistogram:2.2.2=productionRuntimeClasspath,runtimeClasspath
org.hibernate.common:hibernate-commons-annotations:7.0.3.Final=productionRuntimeClasspath,runtimeClasspath
org.hibernate.orm:hibernate-core:6.6.15.Final=compileClasspath,productionRuntimeClasspath,runtimeClasspath
org.hibernate.validator:hibernate-validator:8.0.2.Final=compileClasspath,productionRuntimeClasspath,runtimeClasspath
org.jboss.logging:jboss-logging:3.6.1.Final=compileClasspath,productionRuntimeClasspath,runtimeClasspath
org.jspecify:jspecify:1.0.0=annotationProcessor
org.latencyutils:LatencyUtils:2.0.3=productionRuntimeClasspath,runtimeClasspath
org.mapstruct:mapstruct-processor:1.6.3=annotationProcessor
org.mapstruct:mapstruct:1.6.3=compileClasspath,productionRuntimeClasspath,runtimeClasspath
org.openapitools:jackson-databind-nullable:0.2.6=compileClasspath,productionRuntimeClasspath,runtimeClasspath
org.pcollections:pcollections:4.0.1=annotationProcessor
org.postgresql:postgresql:42.7.8=productionRuntimeClasspath,runtimeClasspath
org.projectlombok:lombok-mapstruct-binding:0.2.0=annotationProcessor
org.projectlombok:lombok:1.18.38=annotationProcessor,compileClasspath,lombok
org.slf4j:jul-to-slf4j:2.0.17=compileClasspath,productionRuntimeClasspath,runtimeClasspath
org.slf4j:slf4j-api:2.0.17=compileClasspath,productionRuntimeClasspath,runtimeClasspath
org.springframework.boot:spring-boot-actuator-autoconfigure:3.5.0=compileClasspath,productionRuntimeClasspath,runtimeClasspath
org.springframework.boot:spring-boot-actuator:3.5.0=compileClasspath,productionRuntimeClasspath,runtimeClasspath
org.springframework.boot:spring-boot-autoconfigure:3.5.0=compileClasspath,productionRuntimeClasspath,runtimeClasspath
org.springframework.boot:spring-boot-starter-actuator:3.5.0=compileClasspath,productionRuntimeClasspath,runtimeClasspath
org.springframework.boot:spring-boot-starter-data-jpa:3.5.0=compileClasspath,productionRuntimeClasspath,runtimeClasspath
org.springframework.boot:spring-boot-starter-jdbc:3.5.0=compileClasspath,productionRuntimeClasspath,runtimeClasspath
org.springframework.boot:spring-boot-starter-json:3.5.0=compileClasspath,productionRuntimeClasspath,runtimeClasspath
org.springframework.boot:spring-boot-starter-logging:3.5.0=compileClasspath,productionRuntimeClasspath,runtimeClasspath
org.springframework.boot:spring-boot-starter-tomcat:3.5.0=compileClasspath,productionRuntimeClasspath,runtimeClasspath
org.springframework.boot:spring-boot-starter-validation:3.5.0=compileClasspath,productionRuntimeClasspath,runtimeClasspath
org.springframework.boot:spring-boot-starter-web:3.5.0=compileClasspath,productionRuntimeClasspath,runtimeClasspath
org.springframework.boot:spring-boot-starter:3.5.0=compileClasspath,productionRuntimeClasspath,runtimeClasspath
org.springframework.boot:spring-boot:3.5.0=compileClasspath,productionRuntimeClasspath,runtimeClasspath
org.springframework.data:spring-data-commons:3.5.0=compileClasspath,productionRuntimeClasspath,runtimeClasspath
org.springframework.data:spring-data-jpa:3.5.0=compileClasspath,productionRuntimeClasspath,runtimeClasspath
org.springframework:spring-aop:6.2.7=compileClasspath,productionRuntimeClasspath,runtimeClasspath
org.springframework:spring-aspects:6.2.7=compileClasspath,productionRuntimeClasspath,runtimeClasspath
org.springframework:spring-beans:6.2.7=compileClasspath,productionRuntimeClasspath,runtimeClasspath
org.springframework:spring-context:6.2.7=compileClasspath,productionRuntimeClasspath,runtimeClasspath
org.springframework:spring-core:6.2.7=compileClasspath,productionRuntimeClasspath,runtimeClasspath
org.springframework:spring-expression:6.2.7=compileClasspath,productionRuntimeClasspath,runtimeClasspath
org.springframework:spring-jcl:6.2.7=compileClasspath,productionRuntimeClasspath,runtimeClasspath
org.springframework:spring-jdbc:6.2.7=compileClasspath,productionRuntimeClasspath,runtimeClasspath
org.springframework:spring-orm:6.2.7=compileClasspath,productionRuntimeClasspath,runtimeClasspath
org.springframework:spring-tx:6.2.7=compileClasspath,productionRuntimeClasspath,runtimeClasspath
org.springframework:spring-web:6.2.7=compileClasspath,productionRuntimeClasspath,runtimeClasspath
org.springframework:spring-webmvc:6.2.7=compileClasspath,productionRuntimeClasspath,runtimeClasspath
org.yaml:snakeyaml:2.4=compileClasspath,productionRuntimeClasspath,runtimeClasspath
empty=developmentOnly,testAndDevelopmentOnly
